{
  "version": 4,
  "terraform_version": "1.3.4",
  "serial": 12,
  "lineage": "8a3e4264-d3ae-03d5-47d2-291de3cb6fb2",
  "outputs": {},
  "resources": [
    {
      "mode": "managed",
      "type": "google_compute_firewall",
      "name": "allow-iap",
      "provider": "provider[\"registry.terraform.io/hashicorp/google\"]",
      "instances": [
        {
          "schema_version": 1,
          "attributes": {
            "allow": [
              {
                "ports": [
                  "22",
                  "80"
                ],
                "protocol": "tcp"
              }
            ],
            "creation_timestamp": "2022-11-14T04:52:38.211-08:00",
            "deny": [],
            "description": "",
            "destination_ranges": [],
            "direction": "INGRESS",
            "disabled": false,
            "enable_logging": null,
            "id": "projects/abde-367812/global/firewalls/allow-iap",
            "log_config": [],
            "name": "allow-iap",
            "network": "https://www.googleapis.com/compute/v1/projects/abde-367812/global/networks/project-vpc",
            "priority": 1000,
            "project": "abde-367812",
            "self_link": "https://www.googleapis.com/compute/v1/projects/abde-367812/global/firewalls/allow-iap",
            "source_ranges": [
              "35.235.240.0/20"
            ],
            "source_service_accounts": null,
            "source_tags": null,
            "target_service_accounts": null,
            "target_tags": null,
            "timeouts": null
          },
          "sensitive_attributes": [],
          "private": "eyJlMmJmYjczMC1lY2FhLTExZTYtOGY4OC0zNDM2M2JjN2M0YzAiOnsiY3JlYXRlIjoxMjAwMDAwMDAwMDAwLCJkZWxldGUiOjEyMDAwMDAwMDAwMDAsInVwZGF0ZSI6MTIwMDAwMDAwMDAwMH0sInNjaGVtYV92ZXJzaW9uIjoiMSJ9",
          "dependencies": [
            "google_compute_network.project-vpc"
          ]
        }
      ]
    },
    {
      "mode": "managed",
      "type": "google_compute_network",
      "name": "project-vpc",
      "provider": "provider[\"registry.terraform.io/hashicorp/google\"]",
      "instances": [
        {
          "schema_version": 0,
          "attributes": {
            "auto_create_subnetworks": false,
            "delete_default_routes_on_create": false,
            "description": "",
            "enable_ula_internal_ipv6": false,
            "gateway_ipv4": "",
            "id": "projects/abde-367812/global/networks/project-vpc",
            "internal_ipv6_range": "",
            "mtu": 1460,
            "name": "project-vpc",
            "project": "abde-367812",
            "routing_mode": "REGIONAL",
            "self_link": "https://www.googleapis.com/compute/v1/projects/abde-367812/global/networks/project-vpc",
            "timeouts": null
          },
          "sensitive_attributes": [],
          "private": "eyJlMmJmYjczMC1lY2FhLTExZTYtOGY4OC0zNDM2M2JjN2M0YzAiOnsiY3JlYXRlIjoxMjAwMDAwMDAwMDAwLCJkZWxldGUiOjEyMDAwMDAwMDAwMDAsInVwZGF0ZSI6MTIwMDAwMDAwMDAwMH19"
        }
      ]
    },
    {
      "mode": "managed",
      "type": "google_compute_router",
      "name": "router",
      "provider": "provider[\"registry.terraform.io/hashicorp/google\"]",
      "instances": [
        {
          "schema_version": 0,
          "attributes": {
            "bgp": [],
            "creation_timestamp": "2022-11-14T04:52:51.993-08:00",
            "description": "",
            "encrypted_interconnect_router": false,
            "id": "projects/abde-367812/regions/us-central1/routers/router",
            "name": "router",
            "network": "https://www.googleapis.com/compute/v1/projects/abde-367812/global/networks/project-vpc",
            "project": "abde-367812",
            "region": "us-central1",
            "self_link": "https://www.googleapis.com/compute/v1/projects/abde-367812/regions/us-central1/routers/router",
            "timeouts": null
          },
          "sensitive_attributes": [],
          "private": "eyJlMmJmYjczMC1lY2FhLTExZTYtOGY4OC0zNDM2M2JjN2M0YzAiOnsiY3JlYXRlIjoxMjAwMDAwMDAwMDAwLCJkZWxldGUiOjEyMDAwMDAwMDAwMDAsInVwZGF0ZSI6MTIwMDAwMDAwMDAwMH19",
          "dependencies": [
            "google_compute_network.project-vpc",
            "google_compute_subnetwork.management-subnet"
          ]
        }
      ]
    },
    {
      "mode": "managed",
      "type": "google_compute_router_nat",
      "name": "nat-gw",
      "provider": "provider[\"registry.terraform.io/hashicorp/google\"]",
      "instances": [
        {
          "schema_version": 0,
          "attributes": {
            "drain_nat_ips": null,
            "enable_dynamic_port_allocation": false,
            "enable_endpoint_independent_mapping": true,
            "icmp_idle_timeout_sec": 30,
            "id": "abde-367812/us-central1/router/nat-gw",
            "log_config": [],
            "max_ports_per_vm": 0,
            "min_ports_per_vm": 0,
            "name": "nat-gw",
            "nat_ip_allocate_option": "AUTO_ONLY",
            "nat_ips": null,
            "project": "abde-367812",
            "region": "us-central1",
            "router": "router",
            "rules": [],
            "source_subnetwork_ip_ranges_to_nat": "ALL_SUBNETWORKS_ALL_IP_RANGES",
            "subnetwork": [],
            "tcp_established_idle_timeout_sec": 1200,
            "tcp_transitory_idle_timeout_sec": 30,
            "timeouts": null,
            "udp_idle_timeout_sec": 30
          },
          "sensitive_attributes": [],
          "private": "eyJlMmJmYjczMC1lY2FhLTExZTYtOGY4OC0zNDM2M2JjN2M0YzAiOnsiY3JlYXRlIjoxMjAwMDAwMDAwMDAwLCJkZWxldGUiOjEyMDAwMDAwMDAwMDAsInVwZGF0ZSI6MTIwMDAwMDAwMDAwMH19",
          "dependencies": [
            "google_compute_network.project-vpc",
            "google_compute_router.router",
            "google_compute_subnetwork.management-subnet"
          ]
        }
      ]
    },
    {
      "mode": "managed",
      "type": "google_compute_subnetwork",
      "name": "management-subnet",
      "provider": "provider[\"registry.terraform.io/hashicorp/google\"]",
      "instances": [
        {
          "schema_version": 0,
          "attributes": {
            "creation_timestamp": "2022-11-14T04:52:38.522-08:00",
            "description": "",
            "external_ipv6_prefix": "",
            "fingerprint": null,
            "gateway_address": "10.0.0.1",
            "id": "projects/abde-367812/regions/us-central1/subnetworks/management-subnet",
            "ip_cidr_range": "10.0.0.0/24",
            "ipv6_access_type": "",
            "ipv6_cidr_range": "",
            "log_config": [],
            "name": "management-subnet",
            "network": "https://www.googleapis.com/compute/v1/projects/abde-367812/global/networks/project-vpc",
            "private_ip_google_access": true,
            "private_ipv6_google_access": "DISABLE_GOOGLE_ACCESS",
            "project": "abde-367812",
            "purpose": "PRIVATE",
            "region": "us-central1",
            "role": "",
            "secondary_ip_range": [],
            "self_link": "https://www.googleapis.com/compute/v1/projects/abde-367812/regions/us-central1/subnetworks/management-subnet",
            "stack_type": "IPV4_ONLY",
            "timeouts": null
          },
          "sensitive_attributes": [],
          "private": "eyJlMmJmYjczMC1lY2FhLTExZTYtOGY4OC0zNDM2M2JjN2M0YzAiOnsiY3JlYXRlIjoxMjAwMDAwMDAwMDAwLCJkZWxldGUiOjEyMDAwMDAwMDAwMDAsInVwZGF0ZSI6MTIwMDAwMDAwMDAwMH19",
          "dependencies": [
            "google_compute_network.project-vpc"
          ]
        }
      ]
    },
    {
      "mode": "managed",
      "type": "google_compute_subnetwork",
      "name": "restricted-subnet",
      "provider": "provider[\"registry.terraform.io/hashicorp/google\"]",
      "instances": [
        {
          "schema_version": 0,
          "attributes": {
            "creation_timestamp": "2022-11-14T04:52:38.787-08:00",
            "description": "",
            "external_ipv6_prefix": "",
            "fingerprint": null,
            "gateway_address": "10.0.1.1",
            "id": "projects/abde-367812/regions/us-central1/subnetworks/restricted-subnet",
            "ip_cidr_range": "10.0.1.0/24",
            "ipv6_access_type": "",
            "ipv6_cidr_range": "",
            "log_config": [],
            "name": "restricted-subnet",
            "network": "https://www.googleapis.com/compute/v1/projects/abde-367812/global/networks/project-vpc",
            "private_ip_google_access": true,
            "private_ipv6_google_access": "DISABLE_GOOGLE_ACCESS",
            "project": "abde-367812",
            "purpose": "PRIVATE",
            "region": "us-central1",
            "role": "",
            "secondary_ip_range": [],
            "self_link": "https://www.googleapis.com/compute/v1/projects/abde-367812/regions/us-central1/subnetworks/restricted-subnet",
            "stack_type": "IPV4_ONLY",
            "timeouts": null
          },
          "sensitive_attributes": [],
          "private": "eyJlMmJmYjczMC1lY2FhLTExZTYtOGY4OC0zNDM2M2JjN2M0YzAiOnsiY3JlYXRlIjoxMjAwMDAwMDAwMDAwLCJkZWxldGUiOjEyMDAwMDAwMDAwMDAsInVwZGF0ZSI6MTIwMDAwMDAwMDAwMH19",
          "dependencies": [
            "google_compute_network.project-vpc"
          ]
        }
      ]
    },
    {
      "mode": "managed",
      "type": "google_container_cluster",
      "name": "private-cluster",
      "provider": "provider[\"registry.terraform.io/hashicorp/google\"]",
      "instances": [
        {
          "schema_version": 1,
          "attributes": {
            "addons_config": [
              {
                "cloudrun_config": [],
                "dns_cache_config": [],
                "gce_persistent_disk_csi_driver_config": [
                  {
                    "enabled": true
                  }
                ],
                "gcp_filestore_csi_driver_config": [],
                "horizontal_pod_autoscaling": [],
                "http_load_balancing": [],
                "network_policy_config": [
                  {
                    "disabled": true
                  }
                ]
              }
            ],
            "authenticator_groups_config": [],
            "binary_authorization": [
              {
                "enabled": false,
                "evaluation_mode": ""
              }
            ],
            "cluster_autoscaling": [
              {
                "auto_provisioning_defaults": [],
                "enabled": false,
                "resource_limits": []
              }
            ],
            "cluster_ipv4_cidr": "10.1.0.0/16",
            "confidential_nodes": [],
            "cost_management_config": [],
            "database_encryption": [
              {
                "key_name": "",
                "state": "DECRYPTED"
              }
            ],
            "datapath_provider": "",
            "default_max_pods_per_node": 110,
            "default_snat_status": [
              {
                "disabled": false
              }
            ],
            "description": "",
            "dns_config": [],
            "enable_autopilot": false,
            "enable_binary_authorization": false,
            "enable_intranode_visibility": false,
            "enable_kubernetes_alpha": false,
            "enable_legacy_abac": false,
            "enable_shielded_nodes": true,
            "enable_tpu": false,
            "endpoint": "172.16.0.2",
            "id": "projects/abde-367812/locations/us-central1-a/clusters/private-cluster",
            "initial_node_count": 3,
            "ip_allocation_policy": [
              {
                "cluster_ipv4_cidr_block": "10.1.0.0/16",
                "cluster_secondary_range_name": "gke-private-cluster-pods-ffdf079c",
                "services_ipv4_cidr_block": "10.2.0.0/16",
                "services_secondary_range_name": "gke-private-cluster-services-ffdf079c"
              }
            ],
            "label_fingerprint": "a9dc16a7",
            "location": "us-central1-a",
            "logging_config": [
              {
                "enable_components": [
                  "SYSTEM_COMPONENTS",
                  "WORKLOADS"
                ]
              }
            ],
            "logging_service": "logging.googleapis.com/kubernetes",
            "maintenance_policy": [],
            "master_auth": [
              {
                "client_certificate": "",
                "client_certificate_config": [
                  {
                    "issue_client_certificate": false
                  }
                ],
                "client_key": "",
                "cluster_ca_certificate": "LS0tLS1CRUdJTiBDRVJUSUZJQ0FURS0tLS0tCk1JSUVMRENDQXBTZ0F3SUJBZ0lRZGNEMWdmM3Brbm8zbWtKKzdMTytwekFOQmdrcWhraUc5dzBCQVFzRkFEQXYKTVMwd0t3WURWUVFERXlReFpHSmpPRFJoTnkxbU9XWTRMVFJoT0RBdE9UVXdOQzFqTnpaallUUm1ZamRoTldJdwpJQmNOTWpJeE1URTBNVEUxTWpVeFdoZ1BNakExTWpFeE1EWXhNalV5TlRGYU1DOHhMVEFyQmdOVkJBTVRKREZrClltTTROR0UzTFdZNVpqZ3ROR0U0TUMwNU5UQTBMV00zTm1OaE5HWmlOMkUxWWpDQ0FhSXdEUVlKS29aSWh2Y04KQVFFQkJRQURnZ0dQQURDQ0FZb0NnZ0dCQU9IeUNFcWoxSzdmWjQ0enlmMjVlaHc1T3c2ckpWRStwdnQ1cUsyRApacys2Y2JvK0t3MVZRY3M0THpON2FONDl1dWhsc2NaNlJBM0lOcmpHVXNaMFRNNktBODY1MGlscC9qdzZSMytKCkl3TlBJU2c2Y2FjeFc2clRPdTZ3QzB3ekZFUjlET1I5RlRUeGhLSXZyTXFaRkwrYldHNlI5LzBRT1E1WWE0UngKcS9IeVlJaVhIbkFzQzdNZUl4NXc0bnM5MnkzRnJFYzVmWUxSMUJURmdkL3ZMVm9uSUlWdkwwZkozVU1MclJ5VwpnM2dHcGY5ZzlCNmFqYXUrKzRGS0N0bjNmaGdtaUR4bDR1QUtNanpZVmNRZld2NmRxV2Fya1ZpVkNBQXl0OU5jCnFFV3NwMjNLWllkdFIyd0tCUTZzd3RFWVQyV3JKT0EvOE1zbVNEMXFBSkpxU1BOU2VJZlNFU2c2bkVRQXpWRHYKTXkrckdjUG1ZSkJ6dlNBcWVTTDJxUWxmNm1tbVJmamd5ZjRqMW8xb1dUUktPcThsdlloTDZMcUwzQkZGem9PaApibkNKK1g0cjdoUHZuZkFIalYvMWRMaEx5cDgrQ21iTDV3aWtYcGtjKzd6eW5iLzhrdHVaVW9UaDg2RGp1UXRkCnFYOTdTT0liZHVoSkV5YldFZEJNcU1FWWV3SURBUUFCbzBJd1FEQU9CZ05WSFE4QkFmOEVCQU1DQWdRd0R3WUQKVlIwVEFRSC9CQVV3QXdFQi96QWRCZ05WSFE0RUZnUVVqQVlNekFGbzZKVFVxb3NHTXh1NjR5YWZTV1V3RFFZSgpLb1pJaHZjTkFRRUxCUUFEZ2dHQkFIZFdNU2pYOXFTeVFiNEdWOGRiRDBGTllEeDRyUFVmZzhqV3hjK2tON1l5CjVHY1hXWTZDcGhvQktaaDd1Q1htZHZoalNlUnJxcE01YWJEaTBGdzZidFF2aGV3VjQ3Mjg0a1c5Wjk4Z0ZNc3EKYzQyRDBHK2FieUlKRGQvVTBaVlhwM210cWtOM1Q3aGpZcEhnUGd4QXZWd3pjYlgrOG1pZU4xQUFCY2hmR0RpRApyakRiNkZpMTRtaEtkSWM4cGpnZWYwM2lESkhENE55c2ZCN3o0cHJwRS9CVW9SYVdxaTVSNVE0bHJzSXQ0MG8yCjBJNnArNFBKb3cxeDlwWXNCMngzbENnSm1lWTBaSHptcmVNdzFBRjFJL2RJUnBZNlpsM0U4NlRjeDBjYnF5YnUKbVB1WkUyYWNIa2c2ZGxDMHc4VXJjdW43R1V5V1NuQWxmbFh1bWFIUlBTb21XVzUvVHhMT2IzdlRxb1FIc1NVSApKN2RXUS8wOVdldW5IaytyYjF5UUQvWU9pZU9ubWJsQWhJd3ZkZnZLb0t2MDFqaWRzT0h4MzQvb1pya1hIMlpBCjFTbUQ5UE1oM0FQRU8vcHRvd2JrcWtvQUhjNVpoTWQyNExSSHI0UlhBVmw5YWxSQldSZEEwaHhhZ1lST2tYaDQKSTd3cXFwWFZvanY1dkEyN3dlUmdwdz09Ci0tLS0tRU5EIENFUlRJRklDQVRFLS0tLS0K"
              }
            ],
            "master_authorized_networks_config": [
              {
                "cidr_blocks": [
                  {
                    "cidr_block": "10.0.0.0/24",
                    "display_name": "managment-cidr-range"
                  }
                ]
              }
            ],
            "master_version": "1.23.8-gke.1900",
            "mesh_certificates": [],
            "min_master_version": null,
            "monitoring_config": [
              {
                "enable_components": [
                  "SYSTEM_COMPONENTS"
                ]
              }
            ],
            "monitoring_service": "monitoring.googleapis.com/kubernetes",
            "name": "private-cluster",
            "network": "projects/abde-367812/global/networks/project-vpc",
            "network_policy": [
              {
                "enabled": false,
                "provider": "PROVIDER_UNSPECIFIED"
              }
            ],
            "networking_mode": "VPC_NATIVE",
            "node_config": [],
            "node_locations": [],
            "node_pool": [],
            "node_version": "1.23.8-gke.1900",
            "notification_config": [
              {
                "pubsub": [
                  {
                    "enabled": false,
                    "filter": [],
                    "topic": ""
                  }
                ]
              }
            ],
            "operation": null,
            "private_cluster_config": [
              {
                "enable_private_endpoint": true,
                "enable_private_nodes": true,
                "master_global_access_config": [
                  {
                    "enabled": false
                  }
                ],
                "master_ipv4_cidr_block": "172.16.0.0/28",
                "peering_name": "gke-n037e150c070743db11a-2dd7-ba91-peer",
                "private_endpoint": "172.16.0.2",
                "public_endpoint": "35.223.59.142"
              }
            ],
            "private_ipv6_google_access": "",
            "project": "abde-367812",
            "release_channel": [
              {
                "channel": "REGULAR"
              }
            ],
            "remove_default_node_pool": true,
            "resource_labels": null,
            "resource_usage_export_config": [],
            "self_link": "https://container.googleapis.com/v1/projects/abde-367812/zones/us-central1-a/clusters/private-cluster",
            "service_external_ips_config": [
              {
                "enabled": false
              }
            ],
            "services_ipv4_cidr": "10.2.0.0/16",
            "subnetwork": "projects/abde-367812/regions/us-central1/subnetworks/restricted-subnet",
            "timeouts": null,
            "tpu_ipv4_cidr_block": "",
            "vertical_pod_autoscaling": [],
            "workload_identity_config": []
          },
          "sensitive_attributes": [],
          "private": "eyJlMmJmYjczMC1lY2FhLTExZTYtOGY4OC0zNDM2M2JjN2M0YzAiOnsiY3JlYXRlIjoyNDAwMDAwMDAwMDAwLCJkZWxldGUiOjI0MDAwMDAwMDAwMDAsInJlYWQiOjI0MDAwMDAwMDAwMDAsInVwZGF0ZSI6MzYwMDAwMDAwMDAwMH0sInNjaGVtYV92ZXJzaW9uIjoiMSJ9",
          "dependencies": [
            "google_compute_network.project-vpc",
            "google_compute_subnetwork.restricted-subnet"
          ]
        }
      ]
    },
    {
      "mode": "managed",
      "type": "google_container_node_pool",
      "name": "nodepool",
      "provider": "provider[\"registry.terraform.io/hashicorp/google\"]",
      "instances": [
        {
          "schema_version": 1,
          "attributes": {
            "autoscaling": [],
            "cluster": "projects/abde-367812/locations/us-central1-a/clusters/private-cluster",
            "id": "projects/abde-367812/locations/us-central1-a/clusters/private-cluster/nodePools/nodepool",
            "initial_node_count": 1,
            "instance_group_urls": [
              "https://www.googleapis.com/compute/v1/projects/abde-367812/zones/us-central1-a/instanceGroupManagers/gke-private-cluster-nodepool-e4acdfd6-grp"
            ],
            "location": "us-central1-a",
            "managed_instance_group_urls": [
              "https://www.googleapis.com/compute/v1/projects/abde-367812/zones/us-central1-a/instanceGroups/gke-private-cluster-nodepool-e4acdfd6-grp"
            ],
            "management": [
              {
                "auto_repair": true,
                "auto_upgrade": true
              }
            ],
            "max_pods_per_node": 110,
            "name": "nodepool",
            "name_prefix": "",
            "node_config": [
              {
                "boot_disk_kms_key": "",
                "disk_size_gb": 100,
                "disk_type": "pd-standard",
                "gcfs_config": [],
                "guest_accelerator": [],
                "gvnic": [],
                "image_type": "COS_CONTAINERD",
                "labels": {},
                "local_ssd_count": 0,
                "machine_type": "e2-medium",
                "metadata": {
                  "disable-legacy-endpoints": "true"
                },
                "min_cpu_platform": "",
                "node_group": "",
                "oauth_scopes": [
                  "https://www.googleapis.com/auth/cloud-platform"
                ],
                "preemptible": true,
                "reservation_affinity": [],
                "service_account": "project-service-account@abde-367812.iam.gserviceaccount.com",
                "shielded_instance_config": [
                  {
                    "enable_integrity_monitoring": true,
                    "enable_secure_boot": false
                  }
                ],
                "spot": false,
                "tags": null,
                "taint": [],
                "workload_metadata_config": []
              }
            ],
            "node_count": 1,
            "node_locations": [
              "us-central1-a"
            ],
            "operation": null,
            "project": "abde-367812",
            "timeouts": null,
            "upgrade_settings": [
              {
                "max_surge": 1,
                "max_unavailable": 0
              }
            ],
            "version": "1.23.8-gke.1900"
          },
          "sensitive_attributes": [],
          "private": "eyJlMmJmYjczMC1lY2FhLTExZTYtOGY4OC0zNDM2M2JjN2M0YzAiOnsiY3JlYXRlIjoxODAwMDAwMDAwMDAwLCJkZWxldGUiOjE4MDAwMDAwMDAwMDAsInVwZGF0ZSI6MTgwMDAwMDAwMDAwMH0sInNjaGVtYV92ZXJzaW9uIjoiMSJ9",
          "dependencies": [
            "google_compute_network.project-vpc",
            "google_compute_subnetwork.restricted-subnet",
            "google_container_cluster.private-cluster",
            "google_service_account.project-service-account"
          ]
        }
      ]
    },
    {
      "mode": "managed",
      "type": "google_project_iam_binding",
      "name": "project-service-account-iam",
      "provider": "provider[\"registry.terraform.io/hashicorp/google\"]",
      "instances": [
        {
          "schema_version": 0,
          "attributes": {
            "condition": [],
            "etag": "BwXtbbXdC+o=",
            "id": "abde-367812/roles/storage.admin",
            "members": [
              "serviceAccount:project-service-account@abde-367812.iam.gserviceaccount.com"
            ],
            "project": "abde-367812",
            "role": "roles/storage.admin"
          },
          "sensitive_attributes": [],
          "private": "bnVsbA==",
          "dependencies": [
            "google_service_account.project-service-account"
          ]
        }
      ]
    },
    {
      "mode": "managed",
      "type": "google_service_account",
      "name": "project-service-account",
      "provider": "provider[\"registry.terraform.io/hashicorp/google\"]",
      "instances": [
        {
          "schema_version": 0,
          "attributes": {
            "account_id": "project-service-account",
            "description": "",
            "disabled": false,
            "display_name": "",
            "email": "project-service-account@abde-367812.iam.gserviceaccount.com",
            "id": "projects/abde-367812/serviceAccounts/project-service-account@abde-367812.iam.gserviceaccount.com",
            "member": "serviceAccount:project-service-account@abde-367812.iam.gserviceaccount.com",
            "name": "projects/abde-367812/serviceAccounts/project-service-account@abde-367812.iam.gserviceaccount.com",
            "project": "abde-367812",
            "timeouts": null,
            "unique_id": "100017477802734038668"
          },
          "sensitive_attributes": [],
          "private": "eyJlMmJmYjczMC1lY2FhLTExZTYtOGY4OC0zNDM2M2JjN2M0YzAiOnsiY3JlYXRlIjozMDAwMDAwMDAwMDB9fQ=="
        }
      ]
    }
  ],
  "check_results": null
}
